
Microsoft Visual Studio Solution File, Format Version 12.00
# Visual Studio Version 17
VisualStudioVersion = 17.4.33110.190
MinimumVisualStudioVersion = 10.0.40219.1
Project("{FAE04EC0-301F-11D3-BF4B-00C04F79EFBC}") = "ToolStoreProject", "ToolStoreProject\ToolStoreProject.csproj", "{7D129846-64C0-4762-8817-DB7007F7F76B}"
EndProject
Global
	GlobalSection(SolutionConfigurationPlatforms) = preSolution
		Debug|Any CPU = Debug|Any CPU
		Release|Any CPU = Release|Any CPU
	EndGlobalSection
	GlobalSection(ProjectConfigurationPlatforms) = postSolution
		{7D129846-64C0-4762-8817-DB7007F7F76B}.Debug|Any CPU.ActiveCfg = Debug|Any CPU
		{7D129846-64C0-4762-8817-DB7007F7F76B}.Debug|Any CPU.Build.0 = Debug|Any CPU
		{7D129846-64C0-4762-8817-DB7007F7F76B}.Release|Any CPU.ActiveCfg = Release|Any CPU
		{7D129846-64C0-4762-8817-DB7007F7F76B}.Release|Any CPU.Build.0 = Release|Any CPU
	EndGlobalSection
	GlobalSection(SolutionProperties) = preSolution
		HideSolutionNode = FALSE
	EndGlobalSection
	GlobalSection(ExtensibilityGlobals) = postSolution
		SolutionGuid = {D0929345-6726-42E6-8A07-C21DE5E6BC1B}
	EndGlobalSection
EndGlobal
